
Microsoft Visual Studio Solution File, Format Version 12.00
# Visual Studio 2013
VisualStudioVersion = 12.0.31101.0
MinimumVisualStudioVersion = 10.0.40219.1
Project("{FAE04EC0-301F-11D3-BF4B-00C04F79EFBC}") = "CorpusFrisky.VisualSynth", "CorpusFrisky.VisualSynth\CorpusFrisky.VisualSynth.csproj", "{5FBA7001-FE9B-4A90-8BE3-5CB4EBE5C2A0}"
EndProject
Project("{2150E333-8FDC-42A3-9474-1A3956D46DE8}") = ".nuget", ".nuget", "{2B7D9C50-CF69-4022-B416-72146F60502E}"
	ProjectSection(SolutionItems) = preProject
		.nuget\NuGet.Config = .nuget\NuGet.Config
		.nuget\NuGet.exe = .nuget\NuGet.exe
		.nuget\NuGet.targets = .nuget\NuGet.targets
	EndProjectSection
EndProject
Project("{FAE04EC0-301F-11D3-BF4B-00C04F79EFBC}") = "CorpusFrisky.VisualSynth.SynthModules", "CorpusFrisky.VisualSynth.SynthModules\CorpusFrisky.VisualSynth.SynthModules.csproj", "{4D3B9BDB-69C4-4E4A-A4FC-C0A8766CF621}"
EndProject
Project("{FAE04EC0-301F-11D3-BF4B-00C04F79EFBC}") = "CorpusFrisky.VisualSynth.Common", "CorpusFrisky.VisualSynth.Common\CorpusFrisky.VisualSynth.Common.csproj", "{226111A7-5452-4718-9462-023DC05BF4EA}"
EndProject
Global
	GlobalSection(SolutionConfigurationPlatforms) = preSolution
		Debug|Any CPU = Debug|Any CPU
		Release|Any CPU = Release|Any CPU
	EndGlobalSection
	GlobalSection(ProjectConfigurationPlatforms) = postSolution
		{5FBA7001-FE9B-4A90-8BE3-5CB4EBE5C2A0}.Debug|Any CPU.ActiveCfg = Debug|Any CPU
		{5FBA7001-FE9B-4A90-8BE3-5CB4EBE5C2A0}.Debug|Any CPU.Build.0 = Debug|Any CPU
		{5FBA7001-FE9B-4A90-8BE3-5CB4EBE5C2A0}.Release|Any CPU.ActiveCfg = Release|Any CPU
		{5FBA7001-FE9B-4A90-8BE3-5CB4EBE5C2A0}.Release|Any CPU.Build.0 = Release|Any CPU
		{4D3B9BDB-69C4-4E4A-A4FC-C0A8766CF621}.Debug|Any CPU.ActiveCfg = Debug|Any CPU
		{4D3B9BDB-69C4-4E4A-A4FC-C0A8766CF621}.Debug|Any CPU.Build.0 = Debug|Any CPU
		{4D3B9BDB-69C4-4E4A-A4FC-C0A8766CF621}.Release|Any CPU.ActiveCfg = Release|Any CPU
		{4D3B9BDB-69C4-4E4A-A4FC-C0A8766CF621}.Release|Any CPU.Build.0 = Release|Any CPU
		{226111A7-5452-4718-9462-023DC05BF4EA}.Debug|Any CPU.ActiveCfg = Debug|Any CPU
		{226111A7-5452-4718-9462-023DC05BF4EA}.Debug|Any CPU.Build.0 = Debug|Any CPU
		{226111A7-5452-4718-9462-023DC05BF4EA}.Release|Any CPU.ActiveCfg = Release|Any CPU
		{226111A7-5452-4718-9462-023DC05BF4EA}.Release|Any CPU.Build.0 = Release|Any CPU
	EndGlobalSection
	GlobalSection(SolutionProperties) = preSolution
		HideSolutionNode = FALSE
	EndGlobalSection
EndGlobal
